{
  "name": "ecg-website",
  "requires": true,
  "lockfileVersion": 1,
  "dependencies": {
    "bootstrap": {
      "version": "4.0.0",
      "resolved": "https://registry.npmjs.org/bootstrap/-/bootstrap-4.0.0.tgz",
      "integrity": "sha512-gulJE5dGFo6Q61V/whS6VM4WIyrlydXfCgkE+Gxe5hjrJ8rXLLZlALq7zq2RPhOc45PSwQpJkrTnc2KgD6cvmA=="
    },
    "jquery": {
      "version": "3.3.1",
      "resolved": "https://registry.npmjs.org/jquery/-/jquery-3.3.1.tgz",
      "integrity": "sha512-Ubldcmxp5np52/ENotGxlLe6aGMvmF4R8S6tZjsP6Knsaxd/xp3Zrh50cG93lR6nPXyUFwzN3ZSOQI0wRJNdGg=="
    },
    "popper.js": {
      "version": "1.12.9",
      "resolved": "https://registry.npmjs.org/popper.js/-/popper.js-1.12.9.tgz",
      "integrity": "sha1-DfvC3/lsRRuzMu3Pz6r1ZtMx1bM="
    },
    "startbootstrap-1-col-portfolio": {
      "version": "4.0.0",
      "resolved": "https://registry.npmjs.org/startbootstrap-1-col-portfolio/-/startbootstrap-1-col-portfolio-4.0.0.tgz",
      "integrity": "sha512-MSL6eZ6dkmUw4sRYS+pnZ14OhgaH2U1x2xn7fIuzR8qH+DSPQ8JmED1a0xjtw5RK7lVOjebRNBVpvOomy7uBtw==",
      "requires": {
        "bootstrap": "4.0.0",
        "jquery": "3.3.1"
      }
    },
    "startbootstrap-2-col-portfolio": {
      "version": "4.0.0",
      "resolved": "https://registry.npmjs.org/startbootstrap-2-col-portfolio/-/startbootstrap-2-col-portfolio-4.0.0.tgz",
      "integrity": "sha512-/aOFR9x5ogN1lw36mY3rT9/sa5pYdF0MWjNH+b8FAU9w+qmkSKdmCC61umH+M9bmGAFu3rPTwfP0bvsroGePKw==",
      "requires": {
        "bootstrap": "4.0.0",
        "jquery": "3.3.1"
      }
    },
    "startbootstrap-round-about": {
      "version": "4.0.0",
      "resolved": "https://registry.npmjs.org/startbootstrap-round-about/-/startbootstrap-round-about-4.0.0.tgz",
      "integrity": "sha512-S0KJ77TvqUoLtpRoGPBr254V148o439fOSjVrMULGq8azWaSHgufL9GJlyNZk5M0WMTkf86/Ju/i0536klOQMw==",
      "requires": {
        "bootstrap": "4.0.0",
        "jquery": "3.3.1"
      }
    }
  }
}
